
Microsoft Visual Studio Solution File, Format Version 12.00
# Visual Studio Version 16
VisualStudioVersion = 16.0.29613.14
MinimumVisualStudioVersion = 10.0.40219.1
Project("{9A19103F-16F7-4668-BE54-9A1E7A4F7556}") = "inverter", "src\inverter\inverter.csproj", "{A7007080-B4D9-494D-BD2F-B4D8FFAAF06F}"
EndProject
Project("{2150E333-8FDC-42A3-9474-1A3956D46DE8}") = "Solution Items", "Solution Items", "{B18BE3EC-EBD5-4DBD-A9A9-5EE298D19671}"
	ProjectSection(SolutionItems) = preProject
		.gitignore = .gitignore
		README.md = README.md
	EndProjectSection
EndProject
Project("{E53339B2-1760-4266-BCC7-CA923CBCF16C}") = "docker-compose", "docker-compose.dcproj", "{E26ED6FB-6D68-41E3-B3CF-7BAE37309A4F}"
EndProject
Global
	GlobalSection(SolutionConfigurationPlatforms) = preSolution
		Debug|Any CPU = Debug|Any CPU
		Release|Any CPU = Release|Any CPU
	EndGlobalSection
	GlobalSection(ProjectConfigurationPlatforms) = postSolution
		{A7007080-B4D9-494D-BD2F-B4D8FFAAF06F}.Debug|Any CPU.ActiveCfg = Debug|Any CPU
		{A7007080-B4D9-494D-BD2F-B4D8FFAAF06F}.Debug|Any CPU.Build.0 = Debug|Any CPU
		{A7007080-B4D9-494D-BD2F-B4D8FFAAF06F}.Release|Any CPU.ActiveCfg = Release|Any CPU
		{A7007080-B4D9-494D-BD2F-B4D8FFAAF06F}.Release|Any CPU.Build.0 = Release|Any CPU
		{E26ED6FB-6D68-41E3-B3CF-7BAE37309A4F}.Debug|Any CPU.ActiveCfg = Debug|Any CPU
		{E26ED6FB-6D68-41E3-B3CF-7BAE37309A4F}.Debug|Any CPU.Build.0 = Debug|Any CPU
		{E26ED6FB-6D68-41E3-B3CF-7BAE37309A4F}.Release|Any CPU.ActiveCfg = Release|Any CPU
		{E26ED6FB-6D68-41E3-B3CF-7BAE37309A4F}.Release|Any CPU.Build.0 = Release|Any CPU
	EndGlobalSection
	GlobalSection(SolutionProperties) = preSolution
		HideSolutionNode = FALSE
	EndGlobalSection
	GlobalSection(ExtensibilityGlobals) = postSolution
		SolutionGuid = {9C03EDE1-4AF6-4D12-8255-71C74428C3E2}
	EndGlobalSection
EndGlobal
